
Microsoft Visual Studio Solution File, Format Version 12.00
# Visual Studio 14
VisualStudioVersion = 14.0.23107.0
MinimumVisualStudioVersion = 10.0.40219.1
Project("{FAE04EC0-301F-11D3-BF4B-00C04F79EFBC}") = "KinoSite", "KinoSite\KinoSite.csproj", "{4B3FA0DA-773F-4670-8C76-70D6FFFDF27E}"
EndProject
Project("{FAE04EC0-301F-11D3-BF4B-00C04F79EFBC}") = "KinoSite.Tests", "KinoSite.Tests\KinoSite.Tests.csproj", "{FE9C3CD9-1DFE-4546-BD3F-BB981A8A2D64}"
EndProject
Global
	GlobalSection(SolutionConfigurationPlatforms) = preSolution
		Debug|Any CPU = Debug|Any CPU
		Release|Any CPU = Release|Any CPU
	EndGlobalSection
	GlobalSection(ProjectConfigurationPlatforms) = postSolution
		{4B3FA0DA-773F-4670-8C76-70D6FFFDF27E}.Debug|Any CPU.ActiveCfg = Debug|Any CPU
		{4B3FA0DA-773F-4670-8C76-70D6FFFDF27E}.Debug|Any CPU.Build.0 = Debug|Any CPU
		{4B3FA0DA-773F-4670-8C76-70D6FFFDF27E}.Release|Any CPU.ActiveCfg = Release|Any CPU
		{4B3FA0DA-773F-4670-8C76-70D6FFFDF27E}.Release|Any CPU.Build.0 = Release|Any CPU
		{FE9C3CD9-1DFE-4546-BD3F-BB981A8A2D64}.Debug|Any CPU.ActiveCfg = Debug|Any CPU
		{FE9C3CD9-1DFE-4546-BD3F-BB981A8A2D64}.Debug|Any CPU.Build.0 = Debug|Any CPU
		{FE9C3CD9-1DFE-4546-BD3F-BB981A8A2D64}.Release|Any CPU.ActiveCfg = Release|Any CPU
		{FE9C3CD9-1DFE-4546-BD3F-BB981A8A2D64}.Release|Any CPU.Build.0 = Release|Any CPU
	EndGlobalSection
	GlobalSection(SolutionProperties) = preSolution
		HideSolutionNode = FALSE
	EndGlobalSection
EndGlobal
